
Microsoft Visual Studio Solution File, Format Version 12.00
# Visual Studio Version 16
VisualStudioVersion = 16.0.31729.503
MinimumVisualStudioVersion = 10.0.40219.1
Project("{9A19103F-16F7-4668-BE54-9A1E7A4F7556}") = "Billing.Api", "Billing.Api\Billing.Api.csproj", "{E958251E-F336-4433-B10D-CE188BE680C3}"
EndProject
Project("{9A19103F-16F7-4668-BE54-9A1E7A4F7556}") = "Billing.Infrastructure", "Billing.Infrastructure\Billing.Infrastructure.csproj", "{CE549F95-4EA4-4A3B-8EEF-D568BBB5783B}"
EndProject
Project("{9A19103F-16F7-4668-BE54-9A1E7A4F7556}") = "Billing.Data.Models", "Billing.Data.Models\Billing.Data.Models.csproj", "{EA07DF68-AA9E-40CA-A1CB-1E165ECF47E6}"
EndProject
Project("{FAE04EC0-301F-11D3-BF4B-00C04F79EFBC}") = "Billing.Data", "Billing.Data\Billing.Data.csproj", "{6D25FBB3-EAC3-40CD-B92F-25C9DA0E6EC8}"
EndProject
Global
	GlobalSection(SolutionConfigurationPlatforms) = preSolution
		Debug|Any CPU = Debug|Any CPU
		Release|Any CPU = Release|Any CPU
	EndGlobalSection
	GlobalSection(ProjectConfigurationPlatforms) = postSolution
		{E958251E-F336-4433-B10D-CE188BE680C3}.Debug|Any CPU.ActiveCfg = Debug|Any CPU
		{E958251E-F336-4433-B10D-CE188BE680C3}.Debug|Any CPU.Build.0 = Debug|Any CPU
		{E958251E-F336-4433-B10D-CE188BE680C3}.Release|Any CPU.ActiveCfg = Release|Any CPU
		{E958251E-F336-4433-B10D-CE188BE680C3}.Release|Any CPU.Build.0 = Release|Any CPU
		{CE549F95-4EA4-4A3B-8EEF-D568BBB5783B}.Debug|Any CPU.ActiveCfg = Debug|Any CPU
		{CE549F95-4EA4-4A3B-8EEF-D568BBB5783B}.Debug|Any CPU.Build.0 = Debug|Any CPU
		{CE549F95-4EA4-4A3B-8EEF-D568BBB5783B}.Release|Any CPU.ActiveCfg = Release|Any CPU
		{CE549F95-4EA4-4A3B-8EEF-D568BBB5783B}.Release|Any CPU.Build.0 = Release|Any CPU
		{EA07DF68-AA9E-40CA-A1CB-1E165ECF47E6}.Debug|Any CPU.ActiveCfg = Debug|Any CPU
		{EA07DF68-AA9E-40CA-A1CB-1E165ECF47E6}.Debug|Any CPU.Build.0 = Debug|Any CPU
		{EA07DF68-AA9E-40CA-A1CB-1E165ECF47E6}.Release|Any CPU.ActiveCfg = Release|Any CPU
		{EA07DF68-AA9E-40CA-A1CB-1E165ECF47E6}.Release|Any CPU.Build.0 = Release|Any CPU
		{6D25FBB3-EAC3-40CD-B92F-25C9DA0E6EC8}.Debug|Any CPU.ActiveCfg = Debug|Any CPU
		{6D25FBB3-EAC3-40CD-B92F-25C9DA0E6EC8}.Debug|Any CPU.Build.0 = Debug|Any CPU
		{6D25FBB3-EAC3-40CD-B92F-25C9DA0E6EC8}.Release|Any CPU.ActiveCfg = Release|Any CPU
		{6D25FBB3-EAC3-40CD-B92F-25C9DA0E6EC8}.Release|Any CPU.Build.0 = Release|Any CPU
	EndGlobalSection
	GlobalSection(SolutionProperties) = preSolution
		HideSolutionNode = FALSE
	EndGlobalSection
	GlobalSection(ExtensibilityGlobals) = postSolution
		SolutionGuid = {B254A38C-F310-4FE5-B6AF-FA59F91E2816}
	EndGlobalSection
EndGlobal
